
Microsoft Visual Studio Solution File, Format Version 12.00
# Visual Studio Version 17
VisualStudioVersion = 17.9.34902.65
MinimumVisualStudioVersion = 10.0.40219.1
Project("{9A19103F-16F7-4668-BE54-9A1E7A4F7556}") = "SuggestionAppUI", "SuggestionAppUI\SuggestionAppUI.csproj", "{B041EB8B-8201-44CB-BD2C-D43EC7D6CF9A}"
EndProject
Project("{9A19103F-16F7-4668-BE54-9A1E7A4F7556}") = "SuggestionAppLibrary", "SuggestionAppLibrary\SuggestionAppLibrary.csproj", "{38123EF3-0354-4CFC-B40C-D849C6020D70}"
EndProject
Global
	GlobalSection(SolutionConfigurationPlatforms) = preSolution
		Debug|Any CPU = Debug|Any CPU
		Release|Any CPU = Release|Any CPU
	EndGlobalSection
	GlobalSection(ProjectConfigurationPlatforms) = postSolution
		{B041EB8B-8201-44CB-BD2C-D43EC7D6CF9A}.Debug|Any CPU.ActiveCfg = Debug|Any CPU
		{B041EB8B-8201-44CB-BD2C-D43EC7D6CF9A}.Debug|Any CPU.Build.0 = Debug|Any CPU
		{B041EB8B-8201-44CB-BD2C-D43EC7D6CF9A}.Release|Any CPU.ActiveCfg = Release|Any CPU
		{B041EB8B-8201-44CB-BD2C-D43EC7D6CF9A}.Release|Any CPU.Build.0 = Release|Any CPU
		{38123EF3-0354-4CFC-B40C-D849C6020D70}.Debug|Any CPU.ActiveCfg = Debug|Any CPU
		{38123EF3-0354-4CFC-B40C-D849C6020D70}.Debug|Any CPU.Build.0 = Debug|Any CPU
		{38123EF3-0354-4CFC-B40C-D849C6020D70}.Release|Any CPU.ActiveCfg = Release|Any CPU
		{38123EF3-0354-4CFC-B40C-D849C6020D70}.Release|Any CPU.Build.0 = Release|Any CPU
	EndGlobalSection
	GlobalSection(SolutionProperties) = preSolution
		HideSolutionNode = FALSE
	EndGlobalSection
	GlobalSection(ExtensibilityGlobals) = postSolution
		SolutionGuid = {1A518AEF-7007-4C5F-83D5-751368D5C29E}
	EndGlobalSection
EndGlobal
