
Microsoft Visual Studio Solution File, Format Version 12.00
Project("{FAE04EC0-301F-11D3-BF4B-00C04F79EFBC}") = "SuggestionAppUI", "SuggestionAppUI\SuggestionAppUI.csproj", "{B041EB8B-8201-44CB-BD2C-D43EC7D6CF9A}"
EndProject
Project("{FAE04EC0-301F-11D3-BF4B-00C04F79EFBC}") = "SuggestionAppLibrary", "SuggestionAppLibrary\SuggestionAppLibrary.csproj", "{38123EF3-0354-4CFC-B40C-D849C6020D70}"
EndProject
Global
	GlobalSection(SolutionConfigurationPlatforms) = preSolution
		Debug|Any CPU = Debug|Any CPU
		Release|Any CPU = Release|Any CPU
	EndGlobalSection
	GlobalSection(ProjectConfigurationPlatforms) = postSolution
		{B041EB8B-8201-44CB-BD2C-D43EC7D6CF9A}.Debug|Any CPU.ActiveCfg = Debug|Any CPU
		{B041EB8B-8201-44CB-BD2C-D43EC7D6CF9A}.Debug|Any CPU.Build.0 = Debug|Any CPU
		{B041EB8B-8201-44CB-BD2C-D43EC7D6CF9A}.Release|Any CPU.ActiveCfg = Release|Any CPU
		{B041EB8B-8201-44CB-BD2C-D43EC7D6CF9A}.Release|Any CPU.Build.0 = Release|Any CPU
		{38123EF3-0354-4CFC-B40C-D849C6020D70}.Debug|Any CPU.ActiveCfg = Debug|Any CPU
		{38123EF3-0354-4CFC-B40C-D849C6020D70}.Debug|Any CPU.Build.0 = Debug|Any CPU
		{38123EF3-0354-4CFC-B40C-D849C6020D70}.Release|Any CPU.ActiveCfg = Release|Any CPU
		{38123EF3-0354-4CFC-B40C-D849C6020D70}.Release|Any CPU.Build.0 = Release|Any CPU
	EndGlobalSection
EndGlobal
